
Microsoft Visual Studio Solution File, Format Version 12.00
# Visual Studio Version 17
VisualStudioVersion = 17.8.34330.188
MinimumVisualStudioVersion = 10.0.40219.1
Project("{9A19103F-16F7-4668-BE54-9A1E7A4F7556}") = "UserManagement.API", "UserManagement.Api\UserManagement.API.csproj", "{6E40A5AC-6B74-47B2-A51F-E48214416B3B}"
EndProject
Project("{9A19103F-16F7-4668-BE54-9A1E7A4F7556}") = "UserManagement.Infrastructure", "UserManagement.Infrastructure\UserManagement.Infrastructure.csproj", "{943247C4-1725-473D-856C-824BEF4A37DE}"
EndProject
Project("{9A19103F-16F7-4668-BE54-9A1E7A4F7556}") = "UserManagement.Domain", "UserManagement.Domain\UserManagement.Domain.csproj", "{DAF328B5-BE11-4340-8251-DB3D7112486C}"
EndProject
Project("{9A19103F-16F7-4668-BE54-9A1E7A4F7556}") = "UserManagement.Application", "UserManagement.Application\UserManagement.Application.csproj", "{2DEBECCB-2727-4365-83B6-DE80F12D125E}"
EndProject
Project("{FAE04EC0-301F-11D3-BF4B-00C04F79EFBC}") = "UserManagement.ViewModel", "UserManagement.ViewModel\UserManagement.ViewModel.csproj", "{C9D7F4B4-2D3A-46A6-B482-613BA62ABC92}"
EndProject
Global
	GlobalSection(SolutionConfigurationPlatforms) = preSolution
		Debug|Any CPU = Debug|Any CPU
		Release|Any CPU = Release|Any CPU
	EndGlobalSection
	GlobalSection(ProjectConfigurationPlatforms) = postSolution
		{6E40A5AC-6B74-47B2-A51F-E48214416B3B}.Debug|Any CPU.ActiveCfg = Debug|Any CPU
		{6E40A5AC-6B74-47B2-A51F-E48214416B3B}.Debug|Any CPU.Build.0 = Debug|Any CPU
		{6E40A5AC-6B74-47B2-A51F-E48214416B3B}.Release|Any CPU.ActiveCfg = Release|Any CPU
		{6E40A5AC-6B74-47B2-A51F-E48214416B3B}.Release|Any CPU.Build.0 = Release|Any CPU
		{943247C4-1725-473D-856C-824BEF4A37DE}.Debug|Any CPU.ActiveCfg = Debug|Any CPU
		{943247C4-1725-473D-856C-824BEF4A37DE}.Debug|Any CPU.Build.0 = Debug|Any CPU
		{943247C4-1725-473D-856C-824BEF4A37DE}.Release|Any CPU.ActiveCfg = Release|Any CPU
		{943247C4-1725-473D-856C-824BEF4A37DE}.Release|Any CPU.Build.0 = Release|Any CPU
		{DAF328B5-BE11-4340-8251-DB3D7112486C}.Debug|Any CPU.ActiveCfg = Debug|Any CPU
		{DAF328B5-BE11-4340-8251-DB3D7112486C}.Debug|Any CPU.Build.0 = Debug|Any CPU
		{DAF328B5-BE11-4340-8251-DB3D7112486C}.Release|Any CPU.ActiveCfg = Release|Any CPU
		{DAF328B5-BE11-4340-8251-DB3D7112486C}.Release|Any CPU.Build.0 = Release|Any CPU
		{2DEBECCB-2727-4365-83B6-DE80F12D125E}.Debug|Any CPU.ActiveCfg = Debug|Any CPU
		{2DEBECCB-2727-4365-83B6-DE80F12D125E}.Debug|Any CPU.Build.0 = Debug|Any CPU
		{2DEBECCB-2727-4365-83B6-DE80F12D125E}.Release|Any CPU.ActiveCfg = Release|Any CPU
		{2DEBECCB-2727-4365-83B6-DE80F12D125E}.Release|Any CPU.Build.0 = Release|Any CPU
		{C9D7F4B4-2D3A-46A6-B482-613BA62ABC92}.Debug|Any CPU.ActiveCfg = Debug|Any CPU
		{C9D7F4B4-2D3A-46A6-B482-613BA62ABC92}.Debug|Any CPU.Build.0 = Debug|Any CPU
		{C9D7F4B4-2D3A-46A6-B482-613BA62ABC92}.Release|Any CPU.ActiveCfg = Release|Any CPU
		{C9D7F4B4-2D3A-46A6-B482-613BA62ABC92}.Release|Any CPU.Build.0 = Release|Any CPU
	EndGlobalSection
	GlobalSection(SolutionProperties) = preSolution
		HideSolutionNode = FALSE
	EndGlobalSection
	GlobalSection(ExtensibilityGlobals) = postSolution
		SolutionGuid = {788C0B10-639F-4AAE-80C0-D1AFF90220F4}
	EndGlobalSection
EndGlobal
